
Microsoft Visual Studio Solution File, Format Version 12.00
# Visual Studio Version 16
VisualStudioVersion = 16.0.33927.289
MinimumVisualStudioVersion = 10.0.40219.1
Project("{FAE04EC0-301F-11D3-BF4B-00C04F79EFBC}") = "Casestudy", "Casestudy\Casestudy.csproj", "{69B6CA20-F910-409C-B1EC-88B2F73DC2AB}"
EndProject
Global
	GlobalSection(SolutionConfigurationPlatforms) = preSolution
		Debug|Any CPU = Debug|Any CPU
		Release|Any CPU = Release|Any CPU
	EndGlobalSection
	GlobalSection(ProjectConfigurationPlatforms) = postSolution
		{69B6CA20-F910-409C-B1EC-88B2F73DC2AB}.Debug|Any CPU.ActiveCfg = Debug|Any CPU
		{69B6CA20-F910-409C-B1EC-88B2F73DC2AB}.Debug|Any CPU.Build.0 = Debug|Any CPU
		{69B6CA20-F910-409C-B1EC-88B2F73DC2AB}.Release|Any CPU.ActiveCfg = Release|Any CPU
		{69B6CA20-F910-409C-B1EC-88B2F73DC2AB}.Release|Any CPU.Build.0 = Release|Any CPU
	EndGlobalSection
	GlobalSection(SolutionProperties) = preSolution
		HideSolutionNode = FALSE
	EndGlobalSection
	GlobalSection(ExtensibilityGlobals) = postSolution
		SolutionGuid = {5D9929D8-9759-4F50-8EFD-5845CBD34224}
	EndGlobalSection
EndGlobal
